
Microsoft Visual Studio Solution File, Format Version 12.00
# Visual Studio 15
VisualStudioVersion = 15.0.28307.757
MinimumVisualStudioVersion = 10.0.40219.1
Project("{FAE04EC0-301F-11D3-BF4B-00C04F79EFBC}") = "MyApiCore", "MyApiCore\MyApiCore.csproj", "{2349CC34-08AC-405D-9AC4-430CEEDBE440}"
EndProject
Global
	GlobalSection(SolutionConfigurationPlatforms) = preSolution
		Debug|Any CPU = Debug|Any CPU
		Release|Any CPU = Release|Any CPU
	EndGlobalSection
	GlobalSection(ProjectConfigurationPlatforms) = postSolution
		{2349CC34-08AC-405D-9AC4-430CEEDBE440}.Debug|Any CPU.ActiveCfg = Debug|Any CPU
		{2349CC34-08AC-405D-9AC4-430CEEDBE440}.Debug|Any CPU.Build.0 = Debug|Any CPU
		{2349CC34-08AC-405D-9AC4-430CEEDBE440}.Release|Any CPU.ActiveCfg = Release|Any CPU
		{2349CC34-08AC-405D-9AC4-430CEEDBE440}.Release|Any CPU.Build.0 = Release|Any CPU
	EndGlobalSection
	GlobalSection(SolutionProperties) = preSolution
		HideSolutionNode = FALSE
	EndGlobalSection
	GlobalSection(ExtensibilityGlobals) = postSolution
		SolutionGuid = {6F249C0D-766E-4575-9262-E125A57B9F2D}
	EndGlobalSection
EndGlobal
