
Microsoft Visual Studio Solution File, Format Version 12.00
# Visual Studio 15
VisualStudioVersion = 15.0.28307.757
MinimumVisualStudioVersion = 10.0.40219.1
Project("{9A19103F-16F7-4668-BE54-9A1E7A4F7556}") = "MyApiCore", "MyApiCore\MyApiCore.csproj", "{2349CC34-08AC-405D-9AC4-430CEEDBE440}"
EndProject
Project("{FAE04EC0-301F-11D3-BF4B-00C04F79EFBC}") = "DAL", "DAL\DAL.csproj", "{55017887-E553-4AE4-98C9-1D40F6B2C476}"
EndProject
Project("{FAE04EC0-301F-11D3-BF4B-00C04F79EFBC}") = "Api.Common", "Api.Common\Api.Common.csproj", "{217A0911-DA16-4576-AEED-575D9E10D449}"
EndProject
Project("{FAE04EC0-301F-11D3-BF4B-00C04F79EFBC}") = "Api.Models", "Api.Models\Api.Models.csproj", "{3A6EF6DD-13BD-485D-A695-EC821CA13249}"
EndProject
Project("{FAE04EC0-301F-11D3-BF4B-00C04F79EFBC}") = "DataModel", "DataModel\DataModel.csproj", "{3E3580A5-EED5-4473-AB10-B29669DC8511}"
EndProject
Project("{FAE04EC0-301F-11D3-BF4B-00C04F79EFBC}") = "Queries", "Queries\Queries.csproj", "{0233B0BA-F917-4327-9A83-300C503972B0}"
EndProject
Project("{FAE04EC0-301F-11D3-BF4B-00C04F79EFBC}") = "Security", "Security\Security.csproj", "{C7B91A41-1ACF-4C04-814B-FF8D01D3B556}"
EndProject
Project("{2150E333-8FDC-42A3-9474-1A3956D46DE8}") = "UnitTest", "UnitTest", "{C2ED3B39-5B08-4B4A-B21E-E607FDF8C5CE}"
EndProject
Project("{FAE04EC0-301F-11D3-BF4B-00C04F79EFBC}") = "Api.IntegrationTest", "Api.IntegrationTest\Api.IntegrationTest.csproj", "{ACD3BBBC-A715-4E32-9689-289200756BE4}"
EndProject
Project("{FAE04EC0-301F-11D3-BF4B-00C04F79EFBC}") = "Queries.Test", "Queries.Test\Queries.Test.csproj", "{CDB0920F-0A60-41C8-96FA-CBA95070F364}"
EndProject
Global
	GlobalSection(SolutionConfigurationPlatforms) = preSolution
		Debug|Any CPU = Debug|Any CPU
		Release|Any CPU = Release|Any CPU
	EndGlobalSection
	GlobalSection(ProjectConfigurationPlatforms) = postSolution
		{2349CC34-08AC-405D-9AC4-430CEEDBE440}.Debug|Any CPU.ActiveCfg = Debug|Any CPU
		{2349CC34-08AC-405D-9AC4-430CEEDBE440}.Debug|Any CPU.Build.0 = Debug|Any CPU
		{2349CC34-08AC-405D-9AC4-430CEEDBE440}.Release|Any CPU.ActiveCfg = Release|Any CPU
		{2349CC34-08AC-405D-9AC4-430CEEDBE440}.Release|Any CPU.Build.0 = Release|Any CPU
		{55017887-E553-4AE4-98C9-1D40F6B2C476}.Debug|Any CPU.ActiveCfg = Debug|Any CPU
		{55017887-E553-4AE4-98C9-1D40F6B2C476}.Debug|Any CPU.Build.0 = Debug|Any CPU
		{55017887-E553-4AE4-98C9-1D40F6B2C476}.Release|Any CPU.ActiveCfg = Release|Any CPU
		{55017887-E553-4AE4-98C9-1D40F6B2C476}.Release|Any CPU.Build.0 = Release|Any CPU
		{217A0911-DA16-4576-AEED-575D9E10D449}.Debug|Any CPU.ActiveCfg = Debug|Any CPU
		{217A0911-DA16-4576-AEED-575D9E10D449}.Debug|Any CPU.Build.0 = Debug|Any CPU
		{217A0911-DA16-4576-AEED-575D9E10D449}.Release|Any CPU.ActiveCfg = Release|Any CPU
		{217A0911-DA16-4576-AEED-575D9E10D449}.Release|Any CPU.Build.0 = Release|Any CPU
		{3A6EF6DD-13BD-485D-A695-EC821CA13249}.Debug|Any CPU.ActiveCfg = Debug|Any CPU
		{3A6EF6DD-13BD-485D-A695-EC821CA13249}.Debug|Any CPU.Build.0 = Debug|Any CPU
		{3A6EF6DD-13BD-485D-A695-EC821CA13249}.Release|Any CPU.ActiveCfg = Release|Any CPU
		{3A6EF6DD-13BD-485D-A695-EC821CA13249}.Release|Any CPU.Build.0 = Release|Any CPU
		{3E3580A5-EED5-4473-AB10-B29669DC8511}.Debug|Any CPU.ActiveCfg = Debug|Any CPU
		{3E3580A5-EED5-4473-AB10-B29669DC8511}.Debug|Any CPU.Build.0 = Debug|Any CPU
		{3E3580A5-EED5-4473-AB10-B29669DC8511}.Release|Any CPU.ActiveCfg = Release|Any CPU
		{3E3580A5-EED5-4473-AB10-B29669DC8511}.Release|Any CPU.Build.0 = Release|Any CPU
		{0233B0BA-F917-4327-9A83-300C503972B0}.Debug|Any CPU.ActiveCfg = Debug|Any CPU
		{0233B0BA-F917-4327-9A83-300C503972B0}.Debug|Any CPU.Build.0 = Debug|Any CPU
		{0233B0BA-F917-4327-9A83-300C503972B0}.Release|Any CPU.ActiveCfg = Release|Any CPU
		{0233B0BA-F917-4327-9A83-300C503972B0}.Release|Any CPU.Build.0 = Release|Any CPU
		{C7B91A41-1ACF-4C04-814B-FF8D01D3B556}.Debug|Any CPU.ActiveCfg = Debug|Any CPU
		{C7B91A41-1ACF-4C04-814B-FF8D01D3B556}.Debug|Any CPU.Build.0 = Debug|Any CPU
		{C7B91A41-1ACF-4C04-814B-FF8D01D3B556}.Release|Any CPU.ActiveCfg = Release|Any CPU
		{C7B91A41-1ACF-4C04-814B-FF8D01D3B556}.Release|Any CPU.Build.0 = Release|Any CPU
		{ACD3BBBC-A715-4E32-9689-289200756BE4}.Debug|Any CPU.ActiveCfg = Debug|Any CPU
		{ACD3BBBC-A715-4E32-9689-289200756BE4}.Debug|Any CPU.Build.0 = Debug|Any CPU
		{ACD3BBBC-A715-4E32-9689-289200756BE4}.Release|Any CPU.ActiveCfg = Release|Any CPU
		{ACD3BBBC-A715-4E32-9689-289200756BE4}.Release|Any CPU.Build.0 = Release|Any CPU
		{CDB0920F-0A60-41C8-96FA-CBA95070F364}.Debug|Any CPU.ActiveCfg = Debug|Any CPU
		{CDB0920F-0A60-41C8-96FA-CBA95070F364}.Debug|Any CPU.Build.0 = Debug|Any CPU
		{CDB0920F-0A60-41C8-96FA-CBA95070F364}.Release|Any CPU.ActiveCfg = Release|Any CPU
		{CDB0920F-0A60-41C8-96FA-CBA95070F364}.Release|Any CPU.Build.0 = Release|Any CPU
	EndGlobalSection
	GlobalSection(SolutionProperties) = preSolution
		HideSolutionNode = FALSE
	EndGlobalSection
	GlobalSection(NestedProjects) = preSolution
		{ACD3BBBC-A715-4E32-9689-289200756BE4} = {C2ED3B39-5B08-4B4A-B21E-E607FDF8C5CE}
		{CDB0920F-0A60-41C8-96FA-CBA95070F364} = {C2ED3B39-5B08-4B4A-B21E-E607FDF8C5CE}
	EndGlobalSection
	GlobalSection(ExtensibilityGlobals) = postSolution
		SolutionGuid = {6F249C0D-766E-4575-9262-E125A57B9F2D}
	EndGlobalSection
EndGlobal
